
Microsoft Visual Studio Solution File, Format Version 12.00
# Visual Studio Version 17
VisualStudioVersion = 17.2.32519.379
MinimumVisualStudioVersion = 10.0.40219.1
Project("{FAE04EC0-301F-11D3-BF4B-00C04F79EFBC}") = "Payroll_services", "Payroll_services\Payroll_services.csproj", "{7682A0A8-F9F0-4790-9A48-51A797381159}"
EndProject
Global
	GlobalSection(SolutionConfigurationPlatforms) = preSolution
		Debug|Any CPU = Debug|Any CPU
		Release|Any CPU = Release|Any CPU
	EndGlobalSection
	GlobalSection(ProjectConfigurationPlatforms) = postSolution
		{7682A0A8-F9F0-4790-9A48-51A797381159}.Debug|Any CPU.ActiveCfg = Debug|Any CPU
		{7682A0A8-F9F0-4790-9A48-51A797381159}.Debug|Any CPU.Build.0 = Debug|Any CPU
		{7682A0A8-F9F0-4790-9A48-51A797381159}.Release|Any CPU.ActiveCfg = Release|Any CPU
		{7682A0A8-F9F0-4790-9A48-51A797381159}.Release|Any CPU.Build.0 = Release|Any CPU
	EndGlobalSection
	GlobalSection(SolutionProperties) = preSolution
		HideSolutionNode = FALSE
	EndGlobalSection
	GlobalSection(ExtensibilityGlobals) = postSolution
		SolutionGuid = {D640C68D-98FF-41B5-9112-29D2D312BE55}
	EndGlobalSection
EndGlobal
